
Microsoft Visual Studio Solution File, Format Version 12.00
# Visual Studio Version 17
VisualStudioVersion = 17.4.33213.308
MinimumVisualStudioVersion = 10.0.40219.1
Project("{FAE04EC0-301F-11D3-BF4B-00C04F79EFBC}") = "bot poptobovat'", "bot poptobovat'.csproj", "{CE8D190F-598E-49CF-882D-DB2B99198615}"
EndProject
Global
	GlobalSection(SolutionConfigurationPlatforms) = preSolution
		Debug|Any CPU = Debug|Any CPU
		Release|Any CPU = Release|Any CPU
	EndGlobalSection
	GlobalSection(ProjectConfigurationPlatforms) = postSolution
		{CE8D190F-598E-49CF-882D-DB2B99198615}.Debug|Any CPU.ActiveCfg = Debug|Any CPU
		{CE8D190F-598E-49CF-882D-DB2B99198615}.Debug|Any CPU.Build.0 = Debug|Any CPU
		{CE8D190F-598E-49CF-882D-DB2B99198615}.Release|Any CPU.ActiveCfg = Release|Any CPU
		{CE8D190F-598E-49CF-882D-DB2B99198615}.Release|Any CPU.Build.0 = Release|Any CPU
	EndGlobalSection
	GlobalSection(SolutionProperties) = preSolution
		HideSolutionNode = FALSE
	EndGlobalSection
	GlobalSection(ExtensibilityGlobals) = postSolution
		SolutionGuid = {AE1320D2-C240-4BF3-9A43-F980F87D4EFB}
	EndGlobalSection
EndGlobal
